{
  "name": "rn-spotify-sdk",
  "version": "1.2.14",
  "lockfileVersion": 1,
  "requires": true,
  "dependencies": {
    "events": {
      "version": "1.1.1",
      "resolved": "https://registry.npmjs.org/events/-/events-1.1.1.tgz",
      "integrity": "sha1-nr23Y1rQmccNzEwqH1AEKI6L2SQ="
    },
    "react-native-events": {
      "version": "1.0.15",
      "resolved": "https://registry.npmjs.org/react-native-events/-/react-native-events-1.0.15.tgz",
      "integrity": "sha512-YRRmiipOKzYUsMa5YPXQ6zp5UyUcvmhcWLBKWFL44BkB8Qap2IPJlv2L87+muE5VxezqGfDLAdCgef9pPVxzdQ==",
      "requires": {
        "events": "^1.1.1"
      }
    }
  }
}
